
Microsoft Visual Studio Solution File, Format Version 12.00
# Visual Studio Version 17
VisualStudioVersion = 17.1.32421.90
MinimumVisualStudioVersion = 10.0.40219.1
Project("{9A19103F-16F7-4668-BE54-9A1E7A4F7556}") = "Result", "result\Result.csproj", "{99C6D2A6-9041-4F46-9E48-0619213C28CA}"
EndProject
Project("{9A19103F-16F7-4668-BE54-9A1E7A4F7556}") = "Vote", "vote\Vote.csproj", "{792EBE08-87DF-4C33-8B17-BA90D5A911F6}"
EndProject
Project("{9A19103F-16F7-4668-BE54-9A1E7A4F7556}") = "Worker", "worker\Worker.csproj", "{6F082141-CA70-40AE-A135-628EE432BA8B}"
EndProject
Global
	GlobalSection(SolutionConfigurationPlatforms) = preSolution
		Debug|Any CPU = Debug|Any CPU
		Release|Any CPU = Release|Any CPU
	EndGlobalSection
	GlobalSection(ProjectConfigurationPlatforms) = postSolution
		{99C6D2A6-9041-4F46-9E48-0619213C28CA}.Debug|Any CPU.ActiveCfg = Debug|Any CPU
		{99C6D2A6-9041-4F46-9E48-0619213C28CA}.Debug|Any CPU.Build.0 = Debug|Any CPU
		{99C6D2A6-9041-4F46-9E48-0619213C28CA}.Release|Any CPU.ActiveCfg = Release|Any CPU
		{99C6D2A6-9041-4F46-9E48-0619213C28CA}.Release|Any CPU.Build.0 = Release|Any CPU
		{792EBE08-87DF-4C33-8B17-BA90D5A911F6}.Debug|Any CPU.ActiveCfg = Debug|Any CPU
		{792EBE08-87DF-4C33-8B17-BA90D5A911F6}.Debug|Any CPU.Build.0 = Debug|Any CPU
		{792EBE08-87DF-4C33-8B17-BA90D5A911F6}.Release|Any CPU.ActiveCfg = Release|Any CPU
		{792EBE08-87DF-4C33-8B17-BA90D5A911F6}.Release|Any CPU.Build.0 = Release|Any CPU
		{6F082141-CA70-40AE-A135-628EE432BA8B}.Debug|Any CPU.ActiveCfg = Debug|Any CPU
		{6F082141-CA70-40AE-A135-628EE432BA8B}.Debug|Any CPU.Build.0 = Debug|Any CPU
		{6F082141-CA70-40AE-A135-628EE432BA8B}.Release|Any CPU.ActiveCfg = Release|Any CPU
		{6F082141-CA70-40AE-A135-628EE432BA8B}.Release|Any CPU.Build.0 = Release|Any CPU
	EndGlobalSection
	GlobalSection(SolutionProperties) = preSolution
		HideSolutionNode = FALSE
	EndGlobalSection
	GlobalSection(ExtensibilityGlobals) = postSolution
		SolutionGuid = {9DEFC158-1225-4393-8A38-22256211D43D}
	EndGlobalSection
EndGlobal
